
Microsoft Visual Studio Solution File, Format Version 12.00
# Visual Studio Version 16
VisualStudioVersion = 16.0.31005.135
MinimumVisualStudioVersion = 10.0.40219.1
Project("{FAE04EC0-301F-11D3-BF4B-00C04F79EFBC}") = "ContosoUniversity", "ContosoUniversity\ContosoUniversity.csproj", "{23531869-0D92-486C-A396-1208A53E6FE6}"
EndProject
Global
	GlobalSection(SolutionConfigurationPlatforms) = preSolution
		Debug|Any CPU = Debug|Any CPU
		Release|Any CPU = Release|Any CPU
	EndGlobalSection
	GlobalSection(ProjectConfigurationPlatforms) = postSolution
		{23531869-0D92-486C-A396-1208A53E6FE6}.Debug|Any CPU.ActiveCfg = Debug|Any CPU
		{23531869-0D92-486C-A396-1208A53E6FE6}.Debug|Any CPU.Build.0 = Debug|Any CPU
		{23531869-0D92-486C-A396-1208A53E6FE6}.Release|Any CPU.ActiveCfg = Release|Any CPU
		{23531869-0D92-486C-A396-1208A53E6FE6}.Release|Any CPU.Build.0 = Release|Any CPU
	EndGlobalSection
	GlobalSection(SolutionProperties) = preSolution
		HideSolutionNode = FALSE
	EndGlobalSection
	GlobalSection(ExtensibilityGlobals) = postSolution
		SolutionGuid = {2B4FA7AF-B8DB-4D52-8ADA-9FF78EA622B6}
	EndGlobalSection
EndGlobal
